
Microsoft Visual Studio Solution File, Format Version 12.00
# Visual Studio Version 17
VisualStudioVersion = 17.3.32929.385
MinimumVisualStudioVersion = 10.0.40219.1
Project("{FAE04EC0-301F-11D3-BF4B-00C04F79EFBC}") = "Generics", "Generics\Generics.csproj", "{EC364282-DD13-4189-B190-CE611906F706}"
EndProject
Global
	GlobalSection(SolutionConfigurationPlatforms) = preSolution
		Debug|Any CPU = Debug|Any CPU
		Release|Any CPU = Release|Any CPU
	EndGlobalSection
	GlobalSection(ProjectConfigurationPlatforms) = postSolution
		{EC364282-DD13-4189-B190-CE611906F706}.Debug|Any CPU.ActiveCfg = Debug|Any CPU
		{EC364282-DD13-4189-B190-CE611906F706}.Debug|Any CPU.Build.0 = Debug|Any CPU
		{EC364282-DD13-4189-B190-CE611906F706}.Release|Any CPU.ActiveCfg = Release|Any CPU
		{EC364282-DD13-4189-B190-CE611906F706}.Release|Any CPU.Build.0 = Release|Any CPU
	EndGlobalSection
	GlobalSection(SolutionProperties) = preSolution
		HideSolutionNode = FALSE
	EndGlobalSection
	GlobalSection(ExtensibilityGlobals) = postSolution
		SolutionGuid = {D9A02CAD-8BE3-40ED-868E-5BA3B8AC7A6D}
	EndGlobalSection
EndGlobal
